
Microsoft Visual Studio Solution File, Format Version 12.00
# Visual Studio 15
VisualStudioVersion = 15.0.28307.329
MinimumVisualStudioVersion = 10.0.40219.1
Project("{FAE04EC0-301F-11D3-BF4B-00C04F79EFBC}") = "MusicApi", "MusicApi\MusicApi.csproj", "{BA18412C-47C5-44A8-A86D-46CCB4553EFC}"
EndProject
Global
	GlobalSection(SolutionConfigurationPlatforms) = preSolution
		Debug|Any CPU = Debug|Any CPU
		Release|Any CPU = Release|Any CPU
	EndGlobalSection
	GlobalSection(ProjectConfigurationPlatforms) = postSolution
		{BA18412C-47C5-44A8-A86D-46CCB4553EFC}.Debug|Any CPU.ActiveCfg = Debug|Any CPU
		{BA18412C-47C5-44A8-A86D-46CCB4553EFC}.Debug|Any CPU.Build.0 = Debug|Any CPU
		{BA18412C-47C5-44A8-A86D-46CCB4553EFC}.Release|Any CPU.ActiveCfg = Release|Any CPU
		{BA18412C-47C5-44A8-A86D-46CCB4553EFC}.Release|Any CPU.Build.0 = Release|Any CPU
	EndGlobalSection
	GlobalSection(SolutionProperties) = preSolution
		HideSolutionNode = FALSE
	EndGlobalSection
	GlobalSection(ExtensibilityGlobals) = postSolution
		SolutionGuid = {C1774793-4C94-45B9-BAC6-7EDB09F5B896}
	EndGlobalSection
EndGlobal
